# THIS IS AN AUTOGENERATED FILE. DO NOT EDIT THIS FILE DIRECTLY.
# yarn lockfile v1


highlight.js@^11.11.1:
  version "11.11.1"
  resolved "https://registry.yarnpkg.com/highlight.js/-/highlight.js-11.11.1.tgz#fca06fa0e5aeecf6c4d437239135fabc15213585"
  integrity sha512-Xwwo44whKBVCYoliBQwaPvtd/2tYFkRQtXDWj1nackaV2JPXx3L0+Jvd8/qCJ2p+ML0/XVkJ2q+Mr+UVdpJK5w==

highlightjs-line-numbers.js@^2.9.0:
  version "2.9.0"
  resolved "https://registry.yarnpkg.com/highlightjs-line-numbers.js/-/highlightjs-line-numbers.js-2.9.0.tgz#82ed21889e3087f3f08cb4d32f87e2e165b2df7c"
  integrity sha512-hMYK5VU+Qi0HmkkdZxamV71ALu9Hq2icQk2WP8OX5q7IPMilSv47ILlJu+fBvxAQdhjW6wONnSQeypsbeRM7WQ==
